// !$*UTF8*$!
{
	archiveVersion = 1;
	classes = {
	};
	objectVersion = 46;
	objects = {

/* Begin PBXBuildFile section */
		B98D2F471A7131B300807A01 /* PriorityQueue.swift in Sources */ = {isa = PBXBuildFile; fileRef = B98D2F461A7131B300807A01 /* PriorityQueue.swift */; };
		B98D2F481A713A8000807A01 /* PriorityQueue.swift in Sources */ = {isa = PBXBuildFile; fileRef = B98D2F461A7131B300807A01 /* PriorityQueue.swift */; };
		B996D7EB1A73D32D00C94B61 /* FIFOQueue.swift in Sources */ = {isa = PBXBuildFile; fileRef = B996D7EA1A73D32D00C94B61 /* FIFOQueue.swift */; };
		B9B131A91A72F7BF00E83268 /* Matrix.swift in Sources */ = {isa = PBXBuildFile; fileRef = B9B131A81A72F7BF00E83268 /* Matrix.swift */; };
		B9B131AA1A7305A700E83268 /* Matrix.swift in Sources */ = {isa = PBXBuildFile; fileRef = B9B131A81A72F7BF00E83268 /* Matrix.swift */; };
		B9B9FAA61A6FF6E300D9E404 /* AppDelegate.swift in Sources */ = {isa = PBXBuildFile; fileRef = B9B9FAA51A6FF6E300D9E404 /* AppDelegate.swift */; };
		B9B9FAA81A6FF6E300D9E404 /* ViewController.swift in Sources */ = {isa = PBXBuildFile; fileRef = B9B9FAA71A6FF6E300D9E404 /* ViewController.swift */; };
		B9B9FAAA1A6FF6E300D9E404 /* Images.xcassets in Resources */ = {isa = PBXBuildFile; fileRef = B9B9FAA91A6FF6E300D9E404 /* Images.xcassets */; };
		B9B9FAAD1A6FF6E300D9E404 /* Main.storyboard in Resources */ = {isa = PBXBuildFile; fileRef = B9B9FAAB1A6FF6E300D9E404 /* Main.storyboard */; };
		B9B9FAB91A6FF6E300D9E404 /* Optimization_MethodsTests.swift in Sources */ = {isa = PBXBuildFile; fileRef = B9B9FAB81A6FF6E300D9E404 /* Optimization_MethodsTests.swift */; };
		B9B9FAC81A6FF90200D9E404 /* Graph.swift in Sources */ = {isa = PBXBuildFile; fileRef = B9B9FAC71A6FF90200D9E404 /* Graph.swift */; };
		B9B9FACA1A7000EF00D9E404 /* DataStructureTests.swift in Sources */ = {isa = PBXBuildFile; fileRef = B9B9FAC91A7000EF00D9E404 /* DataStructureTests.swift */; };
		B9B9FACB1A7001DD00D9E404 /* Graph.swift in Sources */ = {isa = PBXBuildFile; fileRef = B9B9FAC71A6FF90200D9E404 /* Graph.swift */; };
		B9B9FACF1A70060300D9E404 /* ShortestPath.swift in Sources */ = {isa = PBXBuildFile; fileRef = B9B9FACE1A70060300D9E404 /* ShortestPath.swift */; };
		B9B9FAD11A701CA900D9E404 /* ShortestPathTests.swift in Sources */ = {isa = PBXBuildFile; fileRef = B9B9FAD01A701CA900D9E404 /* ShortestPathTests.swift */; };
		B9B9FAD21A70200200D9E404 /* ShortestPath.swift in Sources */ = {isa = PBXBuildFile; fileRef = B9B9FACE1A70060300D9E404 /* ShortestPath.swift */; };
		B9EC88D81A73D3EB008B8752 /* FIFOQueue.swift in Sources */ = {isa = PBXBuildFile; fileRef = B996D7EA1A73D32D00C94B61 /* FIFOQueue.swift */; };
/* End PBXBuildFile section */

/* Begin PBXContainerItemProxy section */
		B9B9FAB31A6FF6E300D9E404 /* PBXContainerItemProxy */ = {
			isa = PBXContainerItemProxy;
			containerPortal = B9B9FA981A6FF6E300D9E404 /* Project object */;
			proxyType = 1;
			remoteGlobalIDString = B9B9FA9F1A6FF6E300D9E404;
			remoteInfo = "Optimization-Methods";
		};
/* End PBXContainerItemProxy section */

/* Begin PBXFileReference section */
		B98D2F461A7131B300807A01 /* PriorityQueue.swift */ = {isa = PBXFileReference; fileEncoding = 4; lastKnownFileType = sourcecode.swift; path = PriorityQueue.swift; sourceTree = "<group>"; };
		B996D7EA1A73D32D00C94B61 /* FIFOQueue.swift */ = {isa = PBXFileReference; fileEncoding = 4; lastKnownFileType = sourcecode.swift; path = FIFOQueue.swift; sourceTree = "<group>"; };
		B9B131A81A72F7BF00E83268 /* Matrix.swift */ = {isa = PBXFileReference; fileEncoding = 4; lastKnownFileType = sourcecode.swift; path = Matrix.swift; sourceTree = "<group>"; };
		B9B9FAA01A6FF6E300D9E404 /* Optimization-Methods.app */ = {isa = PBXFileReference; explicitFileType = wrapper.application; includeInIndex = 0; path = "Optimization-Methods.app"; sourceTree = BUILT_PRODUCTS_DIR; };
		B9B9FAA41A6FF6E300D9E404 /* Info.plist */ = {isa = PBXFileReference; lastKnownFileType = text.plist.xml; path = Info.plist; sourceTree = "<group>"; };
		B9B9FAA51A6FF6E300D9E404 /* AppDelegate.swift */ = {isa = PBXFileReference; lastKnownFileType = sourcecode.swift; path = AppDelegate.swift; sourceTree = "<group>"; };
		B9B9FAA71A6FF6E300D9E404 /* ViewController.swift */ = {isa = PBXFileReference; lastKnownFileType = sourcecode.swift; path = ViewController.swift; sourceTree = "<group>"; };
		B9B9FAA91A6FF6E300D9E404 /* Images.xcassets */ = {isa = PBXFileReference; lastKnownFileType = folder.assetcatalog; path = Images.xcassets; sourceTree = "<group>"; };
		B9B9FAAC1A6FF6E300D9E404 /* Base */ = {isa = PBXFileReference; lastKnownFileType = file.storyboard; name = Base; path = Base.lproj/Main.storyboard; sourceTree = "<group>"; };
		B9B9FAB21A6FF6E300D9E404 /* Optimization-MethodsTests.xctest */ = {isa = PBXFileReference; explicitFileType = wrapper.cfbundle; includeInIndex = 0; path = "Optimization-MethodsTests.xctest"; sourceTree = BUILT_PRODUCTS_DIR; };
		B9B9FAB71A6FF6E300D9E404 /* Info.plist */ = {isa = PBXFileReference; lastKnownFileType = text.plist.xml; path = Info.plist; sourceTree = "<group>"; };
		B9B9FAB81A6FF6E300D9E404 /* Optimization_MethodsTests.swift */ = {isa = PBXFileReference; lastKnownFileType = sourcecode.swift; path = Optimization_MethodsTests.swift; sourceTree = "<group>"; };
		B9B9FAC71A6FF90200D9E404 /* Graph.swift */ = {isa = PBXFileReference; fileEncoding = 4; lastKnownFileType = sourcecode.swift; path = Graph.swift; sourceTree = "<group>"; };
		B9B9FAC91A7000EF00D9E404 /* DataStructureTests.swift */ = {isa = PBXFileReference; fileEncoding = 4; lastKnownFileType = sourcecode.swift; path = DataStructureTests.swift; sourceTree = "<group>"; };
		B9B9FACE1A70060300D9E404 /* ShortestPath.swift */ = {isa = PBXFileReference; fileEncoding = 4; lastKnownFileType = sourcecode.swift; path = ShortestPath.swift; sourceTree = "<group>"; };
		B9B9FAD01A701CA900D9E404 /* ShortestPathTests.swift */ = {isa = PBXFileReference; fileEncoding = 4; lastKnownFileType = sourcecode.swift; path = ShortestPathTests.swift; sourceTree = "<group>"; };
/* End PBXFileReference section */

/* Begin PBXFrameworksBuildPhase section */
		B9B9FA9D1A6FF6E300D9E404 /* Frameworks */ = {
			isa = PBXFrameworksBuildPhase;
			buildActionMask = 2147483647;
			files = (
			);
			runOnlyForDeploymentPostprocessing = 0;
		};
		B9B9FAAF1A6FF6E300D9E404 /* Frameworks */ = {
			isa = PBXFrameworksBuildPhase;
			buildActionMask = 2147483647;
			files = (
			);
			runOnlyForDeploymentPostprocessing = 0;
		};
/* End PBXFrameworksBuildPhase section */

/* Begin PBXGroup section */
		B9B9FA971A6FF6E300D9E404 = {
			isa = PBXGroup;
			children = (
				B9B9FAA21A6FF6E300D9E404 /* Optimization-Methods */,
				B9B9FAB51A6FF6E300D9E404 /* Optimization-MethodsTests */,
				B9B9FAA11A6FF6E300D9E404 /* Products */,
			);
			sourceTree = "<group>";
		};
		B9B9FAA11A6FF6E300D9E404 /* Products */ = {
			isa = PBXGroup;
			children = (
				B9B9FAA01A6FF6E300D9E404 /* Optimization-Methods.app */,
				B9B9FAB21A6FF6E300D9E404 /* Optimization-MethodsTests.xctest */,
			);
			name = Products;
			sourceTree = "<group>";
		};
		B9B9FAA21A6FF6E300D9E404 /* Optimization-Methods */ = {
			isa = PBXGroup;
			children = (
				B9B9FAA51A6FF6E300D9E404 /* AppDelegate.swift */,
				B9B9FAA71A6FF6E300D9E404 /* ViewController.swift */,
				B9B9FACE1A70060300D9E404 /* ShortestPath.swift */,
				B9B9FAC41A6FF7B800D9E404 /* Data Structures */,
				B9B9FAA91A6FF6E300D9E404 /* Images.xcassets */,
				B9B9FAAB1A6FF6E300D9E404 /* Main.storyboard */,
				B9B9FAA31A6FF6E300D9E404 /* Supporting Files */,
			);
			path = "Optimization-Methods";
			sourceTree = "<group>";
		};
		B9B9FAA31A6FF6E300D9E404 /* Supporting Files */ = {
			isa = PBXGroup;
			children = (
				B9B9FAA41A6FF6E300D9E404 /* Info.plist */,
			);
			name = "Supporting Files";
			sourceTree = "<group>";
		};
		B9B9FAB51A6FF6E300D9E404 /* Optimization-MethodsTests */ = {
			isa = PBXGroup;
			children = (
				B9B9FAB81A6FF6E300D9E404 /* Optimization_MethodsTests.swift */,
				B9B9FAC91A7000EF00D9E404 /* DataStructureTests.swift */,
				B9B9FAD01A701CA900D9E404 /* ShortestPathTests.swift */,
				B9B9FAB61A6FF6E300D9E404 /* Supporting Files */,
			);
			path = "Optimization-MethodsTests";
			sourceTree = "<group>";
		};
		B9B9FAB61A6FF6E300D9E404 /* Supporting Files */ = {
			isa = PBXGroup;
			children = (
				B9B9FAB71A6FF6E300D9E404 /* Info.plist */,
			);
			name = "Supporting Files";
			sourceTree = "<group>";
		};
		B9B9FAC41A6FF7B800D9E404 /* Data Structures */ = {
			isa = PBXGroup;
			children = (
				B9B9FAC71A6FF90200D9E404 /* Graph.swift */,
				B9B131A81A72F7BF00E83268 /* Matrix.swift */,
				B996D7EA1A73D32D00C94B61 /* FIFOQueue.swift */,
				B98D2F461A7131B300807A01 /* PriorityQueue.swift */,
			);
			name = "Data Structures";
			sourceTree = "<group>";
		};
/* End PBXGroup section */

/* Begin PBXNativeTarget section */
		B9B9FA9F1A6FF6E300D9E404 /* Optimization-Methods */ = {
			isa = PBXNativeTarget;
			buildConfigurationList = B9B9FABC1A6FF6E300D9E404 /* Build configuration list for PBXNativeTarget "Optimization-Methods" */;
			buildPhases = (
				B9B9FA9C1A6FF6E300D9E404 /* Sources */,
				B9B9FA9D1A6FF6E300D9E404 /* Frameworks */,
				B9B9FA9E1A6FF6E300D9E404 /* Resources */,
			);
			buildRules = (
			);
			dependencies = (
			);
			name = "Optimization-Methods";
			productName = "Optimization-Methods";
			productReference = B9B9FAA01A6FF6E300D9E404 /* Optimization-Methods.app */;
			productType = "com.apple.product-type.application";
		};
		B9B9FAB11A6FF6E300D9E404 /* Optimization-MethodsTests */ = {
			isa = PBXNativeTarget;
			buildConfigurationList = B9B9FABF1A6FF6E300D9E404 /* Build configuration list for PBXNativeTarget "Optimization-MethodsTests" */;
			buildPhases = (
				B9B9FAAE1A6FF6E300D9E404 /* Sources */,
				B9B9FAAF1A6FF6E300D9E404 /* Frameworks */,
				B9B9FAB01A6FF6E300D9E404 /* Resources */,
			);
			buildRules = (
			);
			dependencies = (
				B9B9FAB41A6FF6E300D9E404 /* PBXTargetDependency */,
			);
			name = "Optimization-MethodsTests";
			productName = "Optimization-MethodsTests";
			productReference = B9B9FAB21A6FF6E300D9E404 /* Optimization-MethodsTests.xctest */;
			productType = "com.apple.product-type.bundle.unit-test";
		};
/* End PBXNativeTarget section */

/* Begin PBXProject section */
		B9B9FA981A6FF6E300D9E404 /* Project object */ = {
			isa = PBXProject;
			attributes = {
				LastUpgradeCheck = 0610;
				ORGANIZATIONNAME = "Hani Kazmi";
				TargetAttributes = {
					B9B9FA9F1A6FF6E300D9E404 = {
						CreatedOnToolsVersion = 6.1.1;
					};
					B9B9FAB11A6FF6E300D9E404 = {
						CreatedOnToolsVersion = 6.1.1;
						TestTargetID = B9B9FA9F1A6FF6E300D9E404;
					};
				};
			};
			buildConfigurationList = B9B9FA9B1A6FF6E300D9E404 /* Build configuration list for PBXProject "Optimization-Methods" */;
			compatibilityVersion = "Xcode 3.2";
			developmentRegion = English;
			hasScannedForEncodings = 0;
			knownRegions = (
				en,
				Base,
			);
			mainGroup = B9B9FA971A6FF6E300D9E404;
			productRefGroup = B9B9FAA11A6FF6E300D9E404 /* Products */;
			projectDirPath = "";
			projectRoot = "";
			targets = (
				B9B9FA9F1A6FF6E300D9E404 /* Optimization-Methods */,
				B9B9FAB11A6FF6E300D9E404 /* Optimization-MethodsTests */,
			);
		};
/* End PBXProject section */

/* Begin PBXResourcesBuildPhase section */
		B9B9FA9E1A6FF6E300D9E404 /* Resources */ = {
			isa = PBXResourcesBuildPhase;
			buildActionMask = 2147483647;
			files = (
				B9B9FAAA1A6FF6E300D9E404 /* Images.xcassets in Resources */,
				B9B9FAAD1A6FF6E300D9E404 /* Main.storyboard in Resources */,
			);
			runOnlyForDeploymentPostprocessing = 0;
		};
		B9B9FAB01A6FF6E300D9E404 /* Resources */ = {
			isa = PBXResourcesBuildPhase;
			buildActionMask = 2147483647;
			files = (
			);
			runOnlyForDeploymentPostprocessing = 0;
		};
/* End PBXResourcesBuildPhase section */

/* Begin PBXSourcesBuildPhase section */
		B9B9FA9C1A6FF6E300D9E404 /* Sources */ = {
			isa = PBXSourcesBuildPhase;
			buildActionMask = 2147483647;
			files = (
				B9B131A91A72F7BF00E83268 /* Matrix.swift in Sources */,
				B9B9FACF1A70060300D9E404 /* ShortestPath.swift in Sources */,
				B996D7EB1A73D32D00C94B61 /* FIFOQueue.swift in Sources */,
				B9B9FAA81A6FF6E300D9E404 /* ViewController.swift in Sources */,
				B9B9FAA61A6FF6E300D9E404 /* AppDelegate.swift in Sources */,
				B9B9FAC81A6FF90200D9E404 /* Graph.swift in Sources */,
				B98D2F471A7131B300807A01 /* PriorityQueue.swift in Sources */,
			);
			runOnlyForDeploymentPostprocessing = 0;
		};
		B9B9FAAE1A6FF6E300D9E404 /* Sources */ = {
			isa = PBXSourcesBuildPhase;
			buildActionMask = 2147483647;
			files = (
				B9B9FACB1A7001DD00D9E404 /* Graph.swift in Sources */,
				B9EC88D81A73D3EB008B8752 /* FIFOQueue.swift in Sources */,
				B9B9FACA1A7000EF00D9E404 /* DataStructureTests.swift in Sources */,
				B9B9FAD11A701CA900D9E404 /* ShortestPathTests.swift in Sources */,
				B9B131AA1A7305A700E83268 /* Matrix.swift in Sources */,
				B9B9FAD21A70200200D9E404 /* ShortestPath.swift in Sources */,
				B98D2F481A713A8000807A01 /* PriorityQueue.swift in Sources */,
				B9B9FAB91A6FF6E300D9E404 /* Optimization_MethodsTests.swift in Sources */,
			);
			runOnlyForDeploymentPostprocessing = 0;
		};
/* End PBXSourcesBuildPhase section */

/* Begin PBXTargetDependency section */
		B9B9FAB41A6FF6E300D9E404 /* PBXTargetDependency */ = {
			isa = PBXTargetDependency;
			target = B9B9FA9F1A6FF6E300D9E404 /* Optimization-Methods */;
			targetProxy = B9B9FAB31A6FF6E300D9E404 /* PBXContainerItemProxy */;
		};
/* End PBXTargetDependency section */

/* Begin PBXVariantGroup section */
		B9B9FAAB1A6FF6E300D9E404 /* Main.storyboard */ = {
			isa = PBXVariantGroup;
			children = (
				B9B9FAAC1A6FF6E300D9E404 /* Base */,
			);
			name = Main.storyboard;
			sourceTree = "<group>";
		};
/* End PBXVariantGroup section */

/* Begin XCBuildConfiguration section */
		B9B9FABA1A6FF6E300D9E404 /* Debug */ = {
			isa = XCBuildConfiguration;
			buildSettings = {
				ALWAYS_SEARCH_USER_PATHS = NO;
				CLANG_CXX_LANGUAGE_STANDARD = "gnu++0x";
				CLANG_CXX_LIBRARY = "libc++";
				CLANG_ENABLE_MODULES = YES;
				CLANG_ENABLE_OBJC_ARC = YES;
				CLANG_WARN_BOOL_CONVERSION = YES;
				CLANG_WARN_CONSTANT_CONVERSION = YES;
				CLANG_WARN_DIRECT_OBJC_ISA_USAGE = YES_ERROR;
				CLANG_WARN_EMPTY_BODY = YES;
				CLANG_WARN_ENUM_CONVERSION = YES;
				CLANG_WARN_INT_CONVERSION = YES;
				CLANG_WARN_OBJC_ROOT_CLASS = YES_ERROR;
				CLANG_WARN_UNREACHABLE_CODE = YES;
				CLANG_WARN__DUPLICATE_METHOD_MATCH = YES;
				CODE_SIGN_IDENTITY = "-";
				COPY_PHASE_STRIP = NO;
				ENABLE_STRICT_OBJC_MSGSEND = YES;
				GCC_C_LANGUAGE_STANDARD = gnu99;
				GCC_DYNAMIC_NO_PIC = NO;
				GCC_OPTIMIZATION_LEVEL = 0;
				GCC_PREPROCESSOR_DEFINITIONS = (
					"DEBUG=1",
					"$(inherited)",
				);
				GCC_SYMBOLS_PRIVATE_EXTERN = NO;
				GCC_WARN_64_TO_32_BIT_CONVERSION = YES;
				GCC_WARN_ABOUT_RETURN_TYPE = YES_ERROR;
				GCC_WARN_UNDECLARED_SELECTOR = YES;
				GCC_WARN_UNINITIALIZED_AUTOS = YES_AGGRESSIVE;
				GCC_WARN_UNUSED_FUNCTION = YES;
				GCC_WARN_UNUSED_VARIABLE = YES;
				MACOSX_DEPLOYMENT_TARGET = 10.10;
				MTL_ENABLE_DEBUG_INFO = YES;
				ONLY_ACTIVE_ARCH = YES;
				SDKROOT = macosx;
				SWIFT_OPTIMIZATION_LEVEL = "-Onone";
			};
			name = Debug;
		};
		B9B9FABB1A6FF6E300D9E404 /* Release */ = {
			isa = XCBuildConfiguration;
			buildSettings = {
				ALWAYS_SEARCH_USER_PATHS = NO;
				CLANG_CXX_LANGUAGE_STANDARD = "gnu++0x";
				CLANG_CXX_LIBRARY = "libc++";
				CLANG_ENABLE_MODULES = YES;
				CLANG_ENABLE_OBJC_ARC = YES;
				CLANG_WARN_BOOL_CONVERSION = YES;
				CLANG_WARN_CONSTANT_CONVERSION = YES;
				CLANG_WARN_DIRECT_OBJC_ISA_USAGE = YES_ERROR;
				CLANG_WARN_EMPTY_BODY = YES;
				CLANG_WARN_ENUM_CONVERSION = YES;
				CLANG_WARN_INT_CONVERSION = YES;
				CLANG_WARN_OBJC_ROOT_CLASS = YES_ERROR;
				CLANG_WARN_UNREACHABLE_CODE = YES;
				CLANG_WARN__DUPLICATE_METHOD_MATCH = YES;
				CODE_SIGN_IDENTITY = "-";
				COPY_PHASE_STRIP = YES;
				DEBUG_INFORMATION_FORMAT = "dwarf-with-dsym";
				ENABLE_NS_ASSERTIONS = NO;
				ENABLE_STRICT_OBJC_MSGSEND = YES;
				GCC_C_LANGUAGE_STANDARD = gnu99;
				GCC_WARN_64_TO_32_BIT_CONVERSION = YES;
				GCC_WARN_ABOUT_RETURN_TYPE = YES_ERROR;
				GCC_WARN_UNDECLARED_SELECTOR = YES;
				GCC_WARN_UNINITIALIZED_AUTOS = YES_AGGRESSIVE;
				GCC_WARN_UNUSED_FUNCTION = YES;
				GCC_WARN_UNUSED_VARIABLE = YES;
				MACOSX_DEPLOYMENT_TARGET = 10.10;
				MTL_ENABLE_DEBUG_INFO = NO;
				SDKROOT = macosx;
			};
			name = Release;
		};
		B9B9FABD1A6FF6E300D9E404 /* Debug */ = {
			isa = XCBuildConfiguration;
			buildSettings = {
				ASSETCATALOG_COMPILER_APPICON_NAME = AppIcon;
				COMBINE_HIDPI_IMAGES = YES;
				INFOPLIST_FILE = "Optimization-Methods/Info.plist";
				LD_RUNPATH_SEARCH_PATHS = "$(inherited) @executable_path/../Frameworks";
				PRODUCT_NAME = "$(TARGET_NAME)";
			};
			name = Debug;
		};
		B9B9FABE1A6FF6E300D9E404 /* Release */ = {
			isa = XCBuildConfiguration;
			buildSettings = {
				ASSETCATALOG_COMPILER_APPICON_NAME = AppIcon;
				COMBINE_HIDPI_IMAGES = YES;
				INFOPLIST_FILE = "Optimization-Methods/Info.plist";
				LD_RUNPATH_SEARCH_PATHS = "$(inherited) @executable_path/../Frameworks";
				PRODUCT_NAME = "$(TARGET_NAME)";
			};
			name = Release;
		};
		B9B9FAC01A6FF6E300D9E404 /* Debug */ = {
			isa = XCBuildConfiguration;
			buildSettings = {
				BUNDLE_LOADER = "$(TEST_HOST)";
				COMBINE_HIDPI_IMAGES = YES;
				FRAMEWORK_SEARCH_PATHS = (
					"$(DEVELOPER_FRAMEWORKS_DIR)",
					"$(inherited)",
				);
				GCC_PREPROCESSOR_DEFINITIONS = (
					"DEBUG=1",
					"$(inherited)",
				);
				INFOPLIST_FILE = "Optimization-MethodsTests/Info.plist";
				LD_RUNPATH_SEARCH_PATHS = "$(inherited) @executable_path/../Frameworks @loader_path/../Frameworks";
				PRODUCT_NAME = "$(TARGET_NAME)";
				TEST_HOST = "$(BUILT_PRODUCTS_DIR)/Optimization-Methods.app/Contents/MacOS/Optimization-Methods";
			};
			name = Debug;
		};
		B9B9FAC11A6FF6E300D9E404 /* Release */ = {
			isa = XCBuildConfiguration;
			buildSettings = {
				BUNDLE_LOADER = "$(TEST_HOST)";
				COMBINE_HIDPI_IMAGES = YES;
				FRAMEWORK_SEARCH_PATHS = (
					"$(DEVELOPER_FRAMEWORKS_DIR)",
					"$(inherited)",
				);
				INFOPLIST_FILE = "Optimization-MethodsTests/Info.plist";
				LD_RUNPATH_SEARCH_PATHS = "$(inherited) @executable_path/../Frameworks @loader_path/../Frameworks";
				PRODUCT_NAME = "$(TARGET_NAME)";
				TEST_HOST = "$(BUILT_PRODUCTS_DIR)/Optimization-Methods.app/Contents/MacOS/Optimization-Methods";
			};
			name = Release;
		};
/* End XCBuildConfiguration section */

/* Begin XCConfigurationList section */
		B9B9FA9B1A6FF6E300D9E404 /* Build configuration list for PBXProject "Optimization-Methods" */ = {
			isa = XCConfigurationList;
			buildConfigurations = (
				B9B9FABA1A6FF6E300D9E404 /* Debug */,
				B9B9FABB1A6FF6E300D9E404 /* Release */,
			);
			defaultConfigurationIsVisible = 0;
			defaultConfigurationName = Release;
		};
		B9B9FABC1A6FF6E300D9E404 /* Build configuration list for PBXNativeTarget "Optimization-Methods" */ = {
			isa = XCConfigurationList;
			buildConfigurations = (
				B9B9FABD1A6FF6E300D9E404 /* Debug */,
				B9B9FABE1A6FF6E300D9E404 /* Release */,
			);
			defaultConfigurationIsVisible = 0;
			defaultConfigurationName = Release;
		};
		B9B9FABF1A6FF6E300D9E404 /* Build configuration list for PBXNativeTarget "Optimization-MethodsTests" */ = {
			isa = XCConfigurationList;
			buildConfigurations = (
				B9B9FAC01A6FF6E300D9E404 /* Debug */,
				B9B9FAC11A6FF6E300D9E404 /* Release */,
			);
			defaultConfigurationIsVisible = 0;
			defaultConfigurationName = Release;
		};
/* End XCConfigurationList section */
	};
	rootObject = B9B9FA981A6FF6E300D9E404 /* Project object */;
}
